// !$*UTF8*$!
{
	archiveVersion = 1;
	classes = {
	};
	objectVersion = 50;
	objects = {

/* Begin PBXBuildFile section */
		7683175723A31ED6002A000E /* AppDelegate.m in Sources */ = {isa = PBXBuildFile; fileRef = 7683175623A31ED6002A000E /* AppDelegate.m */; };
		7683175A23A31ED6002A000E /* SceneDelegate.m in Sources */ = {isa = PBXBuildFile; fileRef = 7683175923A31ED6002A000E /* SceneDelegate.m */; };
		7683175D23A31ED6002A000E /* ViewController.m in Sources */ = {isa = PBXBuildFile; fileRef = 7683175C23A31ED6002A000E /* ViewController.m */; };
		7683176023A31ED6002A000E /* Main.storyboard in Resources */ = {isa = PBXBuildFile; fileRef = 7683175E23A31ED6002A000E /* Main.storyboard */; };
		7683176223A31ED8002A000E /* Assets.xcassets in Resources */ = {isa = PBXBuildFile; fileRef = 7683176123A31ED8002A000E /* Assets.xcassets */; };
		7683176523A31ED8002A000E /* LaunchScreen.storyboard in Resources */ = {isa = PBXBuildFile; fileRef = 7683176323A31ED8002A000E /* LaunchScreen.storyboard */; };
		7683176823A31ED8002A000E /* main.m in Sources */ = {isa = PBXBuildFile; fileRef = 7683176723A31ED8002A000E /* main.m */; };
		76863786253D758F0099C87F /* UITextView+VDAdd.m in Sources */ = {isa = PBXBuildFile; fileRef = 7686377A253D758F0099C87F /* UITextView+VDAdd.m */; };
		76863787253D758F0099C87F /* VDTextKVO.m in Sources */ = {isa = PBXBuildFile; fileRef = 7686377C253D758F0099C87F /* VDTextKVO.m */; };
		76863788253D758F0099C87F /* VDTextAttribute.m in Sources */ = {isa = PBXBuildFile; fileRef = 7686377D253D758F0099C87F /* VDTextAttribute.m */; };
		76863789253D758F0099C87F /* NSAttributedString+VDText.m in Sources */ = {isa = PBXBuildFile; fileRef = 7686377E253D758F0099C87F /* NSAttributedString+VDText.m */; };
		7686378A253D758F0099C87F /* VDTextView.m in Sources */ = {isa = PBXBuildFile; fileRef = 76863782253D758F0099C87F /* VDTextView.m */; };
		7686378B253D758F0099C87F /* VDTextEditor.m in Sources */ = {isa = PBXBuildFile; fileRef = 76863783253D758F0099C87F /* VDTextEditor.m */; };
		76863791253D7CE50099C87F /* UIColor+VDAdd.m in Sources */ = {isa = PBXBuildFile; fileRef = 76863790253D7CE50099C87F /* UIColor+VDAdd.m */; };
/* End PBXBuildFile section */

/* Begin PBXFileReference section */
		7683175223A31ED6002A000E /* VDText.app */ = {isa = PBXFileReference; explicitFileType = wrapper.application; includeInIndex = 0; path = VDText.app; sourceTree = BUILT_PRODUCTS_DIR; };
		7683175523A31ED6002A000E /* AppDelegate.h */ = {isa = PBXFileReference; lastKnownFileType = sourcecode.c.h; path = AppDelegate.h; sourceTree = "<group>"; };
		7683175623A31ED6002A000E /* AppDelegate.m */ = {isa = PBXFileReference; lastKnownFileType = sourcecode.c.objc; path = AppDelegate.m; sourceTree = "<group>"; };
		7683175823A31ED6002A000E /* SceneDelegate.h */ = {isa = PBXFileReference; lastKnownFileType = sourcecode.c.h; path = SceneDelegate.h; sourceTree = "<group>"; };
		7683175923A31ED6002A000E /* SceneDelegate.m */ = {isa = PBXFileReference; lastKnownFileType = sourcecode.c.objc; path = SceneDelegate.m; sourceTree = "<group>"; };
		7683175B23A31ED6002A000E /* ViewController.h */ = {isa = PBXFileReference; lastKnownFileType = sourcecode.c.h; path = ViewController.h; sourceTree = "<group>"; };
		7683175C23A31ED6002A000E /* ViewController.m */ = {isa = PBXFileReference; lastKnownFileType = sourcecode.c.objc; path = ViewController.m; sourceTree = "<group>"; };
		7683175F23A31ED6002A000E /* Base */ = {isa = PBXFileReference; lastKnownFileType = file.storyboard; name = Base; path = Base.lproj/Main.storyboard; sourceTree = "<group>"; };
		7683176123A31ED8002A000E /* Assets.xcassets */ = {isa = PBXFileReference; lastKnownFileType = folder.assetcatalog; path = Assets.xcassets; sourceTree = "<group>"; };
		7683176423A31ED8002A000E /* Base */ = {isa = PBXFileReference; lastKnownFileType = file.storyboard; name = Base; path = Base.lproj/LaunchScreen.storyboard; sourceTree = "<group>"; };
		7683176623A31ED8002A000E /* Info.plist */ = {isa = PBXFileReference; lastKnownFileType = text.plist.xml; path = Info.plist; sourceTree = "<group>"; };
		7683176723A31ED8002A000E /* main.m */ = {isa = PBXFileReference; lastKnownFileType = sourcecode.c.objc; path = main.m; sourceTree = "<group>"; };
		76863779253D758F0099C87F /* VDTextView.h */ = {isa = PBXFileReference; fileEncoding = 4; lastKnownFileType = sourcecode.c.h; path = VDTextView.h; sourceTree = "<group>"; };
		7686377A253D758F0099C87F /* UITextView+VDAdd.m */ = {isa = PBXFileReference; fileEncoding = 4; lastKnownFileType = sourcecode.c.objc; path = "UITextView+VDAdd.m"; sourceTree = "<group>"; };
		7686377B253D758F0099C87F /* VDTextKVO.h */ = {isa = PBXFileReference; fileEncoding = 4; lastKnownFileType = sourcecode.c.h; path = VDTextKVO.h; sourceTree = "<group>"; };
		7686377C253D758F0099C87F /* VDTextKVO.m */ = {isa = PBXFileReference; fileEncoding = 4; lastKnownFileType = sourcecode.c.objc; path = VDTextKVO.m; sourceTree = "<group>"; };
		7686377D253D758F0099C87F /* VDTextAttribute.m */ = {isa = PBXFileReference; fileEncoding = 4; lastKnownFileType = sourcecode.c.objc; path = VDTextAttribute.m; sourceTree = "<group>"; };
		7686377E253D758F0099C87F /* NSAttributedString+VDText.m */ = {isa = PBXFileReference; fileEncoding = 4; lastKnownFileType = sourcecode.c.objc; path = "NSAttributedString+VDText.m"; sourceTree = "<group>"; };
		7686377F253D758F0099C87F /* VDText.h */ = {isa = PBXFileReference; fileEncoding = 4; lastKnownFileType = sourcecode.c.h; path = VDText.h; sourceTree = "<group>"; };
		76863780253D758F0099C87F /* NSAttributedString+VDText.h */ = {isa = PBXFileReference; fileEncoding = 4; lastKnownFileType = sourcecode.c.h; path = "NSAttributedString+VDText.h"; sourceTree = "<group>"; };
		76863781253D758F0099C87F /* VDTextAttribute.h */ = {isa = PBXFileReference; fileEncoding = 4; lastKnownFileType = sourcecode.c.h; path = VDTextAttribute.h; sourceTree = "<group>"; };
		76863782253D758F0099C87F /* VDTextView.m */ = {isa = PBXFileReference; fileEncoding = 4; lastKnownFileType = sourcecode.c.objc; path = VDTextView.m; sourceTree = "<group>"; };
		76863783253D758F0099C87F /* VDTextEditor.m */ = {isa = PBXFileReference; fileEncoding = 4; lastKnownFileType = sourcecode.c.objc; path = VDTextEditor.m; sourceTree = "<group>"; };
		76863784253D758F0099C87F /* UITextView+VDAdd.h */ = {isa = PBXFileReference; fileEncoding = 4; lastKnownFileType = sourcecode.c.h; path = "UITextView+VDAdd.h"; sourceTree = "<group>"; };
		76863785253D758F0099C87F /* VDTextEditor.h */ = {isa = PBXFileReference; fileEncoding = 4; lastKnownFileType = sourcecode.c.h; path = VDTextEditor.h; sourceTree = "<group>"; };
		7686378D253D7B910099C87F /* VDTextContents.h */ = {isa = PBXFileReference; lastKnownFileType = sourcecode.c.h; path = VDTextContents.h; sourceTree = "<group>"; };
		7686378F253D7CE50099C87F /* UIColor+VDAdd.h */ = {isa = PBXFileReference; fileEncoding = 4; lastKnownFileType = sourcecode.c.h; path = "UIColor+VDAdd.h"; sourceTree = "<group>"; };
		76863790253D7CE50099C87F /* UIColor+VDAdd.m */ = {isa = PBXFileReference; fileEncoding = 4; lastKnownFileType = sourcecode.c.objc; path = "UIColor+VDAdd.m"; sourceTree = "<group>"; };
/* End PBXFileReference section */

/* Begin PBXFrameworksBuildPhase section */
		7683174F23A31ED6002A000E /* Frameworks */ = {
			isa = PBXFrameworksBuildPhase;
			buildActionMask = 2147483647;
			files = (
			);
			runOnlyForDeploymentPostprocessing = 0;
		};
/* End PBXFrameworksBuildPhase section */

/* Begin PBXGroup section */
		7683174923A31ED6002A000E = {
			isa = PBXGroup;
			children = (
				7683175423A31ED6002A000E /* VDText */,
				7683175323A31ED6002A000E /* Products */,
			);
			sourceTree = "<group>";
		};
		7683175323A31ED6002A000E /* Products */ = {
			isa = PBXGroup;
			children = (
				7683175223A31ED6002A000E /* VDText.app */,
			);
			name = Products;
			sourceTree = "<group>";
		};
		7683175423A31ED6002A000E /* VDText */ = {
			isa = PBXGroup;
			children = (
				7683176E23A31EF6002A000E /* VDText */,
				7683175523A31ED6002A000E /* AppDelegate.h */,
				7683175623A31ED6002A000E /* AppDelegate.m */,
				7683175823A31ED6002A000E /* SceneDelegate.h */,
				7683175923A31ED6002A000E /* SceneDelegate.m */,
				7683175B23A31ED6002A000E /* ViewController.h */,
				7683175C23A31ED6002A000E /* ViewController.m */,
				7683175E23A31ED6002A000E /* Main.storyboard */,
				7683176123A31ED8002A000E /* Assets.xcassets */,
				7683176323A31ED8002A000E /* LaunchScreen.storyboard */,
				7683176623A31ED8002A000E /* Info.plist */,
				7683176723A31ED8002A000E /* main.m */,
			);
			path = VDText;
			sourceTree = "<group>";
		};
		7683176E23A31EF6002A000E /* VDText */ = {
			isa = PBXGroup;
			children = (
				7686378F253D7CE50099C87F /* UIColor+VDAdd.h */,
				76863790253D7CE50099C87F /* UIColor+VDAdd.m */,
				7686378D253D7B910099C87F /* VDTextContents.h */,
				76863780253D758F0099C87F /* NSAttributedString+VDText.h */,
				7686377E253D758F0099C87F /* NSAttributedString+VDText.m */,
				76863784253D758F0099C87F /* UITextView+VDAdd.h */,
				7686377A253D758F0099C87F /* UITextView+VDAdd.m */,
				7686377F253D758F0099C87F /* VDText.h */,
				76863781253D758F0099C87F /* VDTextAttribute.h */,
				7686377D253D758F0099C87F /* VDTextAttribute.m */,
				76863785253D758F0099C87F /* VDTextEditor.h */,
				76863783253D758F0099C87F /* VDTextEditor.m */,
				7686377B253D758F0099C87F /* VDTextKVO.h */,
				7686377C253D758F0099C87F /* VDTextKVO.m */,
				76863779253D758F0099C87F /* VDTextView.h */,
				76863782253D758F0099C87F /* VDTextView.m */,
			);
			path = VDText;
			sourceTree = "<group>";
		};
/* End PBXGroup section */

/* Begin PBXNativeTarget section */
		7683175123A31ED6002A000E /* VDText */ = {
			isa = PBXNativeTarget;
			buildConfigurationList = 7683176B23A31ED8002A000E /* Build configuration list for PBXNativeTarget "VDText" */;
			buildPhases = (
				7683174E23A31ED6002A000E /* Sources */,
				7683174F23A31ED6002A000E /* Frameworks */,
				7683175023A31ED6002A000E /* Resources */,
			);
			buildRules = (
			);
			dependencies = (
			);
			name = VDText;
			productName = VDText;
			productReference = 7683175223A31ED6002A000E /* VDText.app */;
			productType = "com.apple.product-type.application";
		};
/* End PBXNativeTarget section */

/* Begin PBXProject section */
		7683174A23A31ED6002A000E /* Project object */ = {
			isa = PBXProject;
			attributes = {
				LastUpgradeCheck = 1200;
				ORGANIZATIONNAME = vvard3n;
				TargetAttributes = {
					7683175123A31ED6002A000E = {
						CreatedOnToolsVersion = 11.1;
					};
				};
			};
			buildConfigurationList = 7683174D23A31ED6002A000E /* Build configuration list for PBXProject "VDText" */;
			compatibilityVersion = "Xcode 9.3";
			developmentRegion = en;
			hasScannedForEncodings = 0;
			knownRegions = (
				en,
				Base,
			);
			mainGroup = 7683174923A31ED6002A000E;
			productRefGroup = 7683175323A31ED6002A000E /* Products */;
			projectDirPath = "";
			projectRoot = "";
			targets = (
				7683175123A31ED6002A000E /* VDText */,
			);
		};
/* End PBXProject section */

/* Begin PBXResourcesBuildPhase section */
		7683175023A31ED6002A000E /* Resources */ = {
			isa = PBXResourcesBuildPhase;
			buildActionMask = 2147483647;
			files = (
				7683176523A31ED8002A000E /* LaunchScreen.storyboard in Resources */,
				7683176223A31ED8002A000E /* Assets.xcassets in Resources */,
				7683176023A31ED6002A000E /* Main.storyboard in Resources */,
			);
			runOnlyForDeploymentPostprocessing = 0;
		};
/* End PBXResourcesBuildPhase section */

/* Begin PBXSourcesBuildPhase section */
		7683174E23A31ED6002A000E /* Sources */ = {
			isa = PBXSourcesBuildPhase;
			buildActionMask = 2147483647;
			files = (
				76863789253D758F0099C87F /* NSAttributedString+VDText.m in Sources */,
				7686378B253D758F0099C87F /* VDTextEditor.m in Sources */,
				76863788253D758F0099C87F /* VDTextAttribute.m in Sources */,
				7683175D23A31ED6002A000E /* ViewController.m in Sources */,
				7686378A253D758F0099C87F /* VDTextView.m in Sources */,
				7683175723A31ED6002A000E /* AppDelegate.m in Sources */,
				7683176823A31ED8002A000E /* main.m in Sources */,
				76863787253D758F0099C87F /* VDTextKVO.m in Sources */,
				76863791253D7CE50099C87F /* UIColor+VDAdd.m in Sources */,
				7683175A23A31ED6002A000E /* SceneDelegate.m in Sources */,
				76863786253D758F0099C87F /* UITextView+VDAdd.m in Sources */,
			);
			runOnlyForDeploymentPostprocessing = 0;
		};
/* End PBXSourcesBuildPhase section */

/* Begin PBXVariantGroup section */
		7683175E23A31ED6002A000E /* Main.storyboard */ = {
			isa = PBXVariantGroup;
			children = (
				7683175F23A31ED6002A000E /* Base */,
			);
			name = Main.storyboard;
			sourceTree = "<group>";
		};
		7683176323A31ED8002A000E /* LaunchScreen.storyboard */ = {
			isa = PBXVariantGroup;
			children = (
				7683176423A31ED8002A000E /* Base */,
			);
			name = LaunchScreen.storyboard;
			sourceTree = "<group>";
		};
/* End PBXVariantGroup section */

/* Begin XCBuildConfiguration section */
		7683176923A31ED8002A000E /* Debug */ = {
			isa = XCBuildConfiguration;
			buildSettings = {
				ALWAYS_SEARCH_USER_PATHS = NO;
				CLANG_ANALYZER_NONNULL = YES;
				CLANG_ANALYZER_NUMBER_OBJECT_CONVERSION = YES_AGGRESSIVE;
				CLANG_CXX_LANGUAGE_STANDARD = "gnu++14";
				CLANG_CXX_LIBRARY = "libc++";
				CLANG_ENABLE_MODULES = YES;
				CLANG_ENABLE_OBJC_ARC = YES;
				CLANG_ENABLE_OBJC_WEAK = YES;
				CLANG_WARN_BLOCK_CAPTURE_AUTORELEASING = YES;
				CLANG_WARN_BOOL_CONVERSION = YES;
				CLANG_WARN_COMMA = YES;
				CLANG_WARN_CONSTANT_CONVERSION = YES;
				CLANG_WARN_DEPRECATED_OBJC_IMPLEMENTATIONS = YES;
				CLANG_WARN_DIRECT_OBJC_ISA_USAGE = YES_ERROR;
				CLANG_WARN_DOCUMENTATION_COMMENTS = YES;
				CLANG_WARN_EMPTY_BODY = YES;
				CLANG_WARN_ENUM_CONVERSION = YES;
				CLANG_WARN_INFINITE_RECURSION = YES;
				CLANG_WARN_INT_CONVERSION = YES;
				CLANG_WARN_NON_LITERAL_NULL_CONVERSION = YES;
				CLANG_WARN_OBJC_IMPLICIT_RETAIN_SELF = YES;
				CLANG_WARN_OBJC_LITERAL_CONVERSION = YES;
				CLANG_WARN_OBJC_ROOT_CLASS = YES_ERROR;
				CLANG_WARN_QUOTED_INCLUDE_IN_FRAMEWORK_HEADER = YES;
				CLANG_WARN_RANGE_LOOP_ANALYSIS = YES;
				CLANG_WARN_STRICT_PROTOTYPES = YES;
				CLANG_WARN_SUSPICIOUS_MOVE = YES;
				CLANG_WARN_UNGUARDED_AVAILABILITY = YES_AGGRESSIVE;
				CLANG_WARN_UNREACHABLE_CODE = YES;
				CLANG_WARN__DUPLICATE_METHOD_MATCH = YES;
				COPY_PHASE_STRIP = NO;
				DEBUG_INFORMATION_FORMAT = dwarf;
				ENABLE_STRICT_OBJC_MSGSEND = YES;
				ENABLE_TESTABILITY = YES;
				GCC_C_LANGUAGE_STANDARD = gnu11;
				GCC_DYNAMIC_NO_PIC = NO;
				GCC_NO_COMMON_BLOCKS = YES;
				GCC_OPTIMIZATION_LEVEL = 0;
				GCC_PREPROCESSOR_DEFINITIONS = (
					"DEBUG=1",
					"$(inherited)",
				);
				GCC_WARN_64_TO_32_BIT_CONVERSION = YES;
				GCC_WARN_ABOUT_RETURN_TYPE = YES_ERROR;
				GCC_WARN_UNDECLARED_SELECTOR = YES;
				GCC_WARN_UNINITIALIZED_AUTOS = YES_AGGRESSIVE;
				GCC_WARN_UNUSED_FUNCTION = YES;
				GCC_WARN_UNUSED_VARIABLE = YES;
				IPHONEOS_DEPLOYMENT_TARGET = 13.1;
				MTL_ENABLE_DEBUG_INFO = INCLUDE_SOURCE;
				MTL_FAST_MATH = YES;
				ONLY_ACTIVE_ARCH = YES;
				SDKROOT = iphoneos;
			};
			name = Debug;
		};
		7683176A23A31ED8002A000E /* Release */ = {
			isa = XCBuildConfiguration;
			buildSettings = {
				ALWAYS_SEARCH_USER_PATHS = NO;
				CLANG_ANALYZER_NONNULL = YES;
				CLANG_ANALYZER_NUMBER_OBJECT_CONVERSION = YES_AGGRESSIVE;
				CLANG_CXX_LANGUAGE_STANDARD = "gnu++14";
				CLANG_CXX_LIBRARY = "libc++";
				CLANG_ENABLE_MODULES = YES;
				CLANG_ENABLE_OBJC_ARC = YES;
				CLANG_ENABLE_OBJC_WEAK = YES;
				CLANG_WARN_BLOCK_CAPTURE_AUTORELEASING = YES;
				CLANG_WARN_BOOL_CONVERSION = YES;
				CLANG_WARN_COMMA = YES;
				CLANG_WARN_CONSTANT_CONVERSION = YES;
				CLANG_WARN_DEPRECATED_OBJC_IMPLEMENTATIONS = YES;
				CLANG_WARN_DIRECT_OBJC_ISA_USAGE = YES_ERROR;
				CLANG_WARN_DOCUMENTATION_COMMENTS = YES;
				CLANG_WARN_EMPTY_BODY = YES;
				CLANG_WARN_ENUM_CONVERSION = YES;
				CLANG_WARN_INFINITE_RECURSION = YES;
				CLANG_WARN_INT_CONVERSION = YES;
				CLANG_WARN_NON_LITERAL_NULL_CONVERSION = YES;
				CLANG_WARN_OBJC_IMPLICIT_RETAIN_SELF = YES;
				CLANG_WARN_OBJC_LITERAL_CONVERSION = YES;
				CLANG_WARN_OBJC_ROOT_CLASS = YES_ERROR;
				CLANG_WARN_QUOTED_INCLUDE_IN_FRAMEWORK_HEADER = YES;
				CLANG_WARN_RANGE_LOOP_ANALYSIS = YES;
				CLANG_WARN_STRICT_PROTOTYPES = YES;
				CLANG_WARN_SUSPICIOUS_MOVE = YES;
				CLANG_WARN_UNGUARDED_AVAILABILITY = YES_AGGRESSIVE;
				CLANG_WARN_UNREACHABLE_CODE = YES;
				CLANG_WARN__DUPLICATE_METHOD_MATCH = YES;
				COPY_PHASE_STRIP = NO;
				DEBUG_INFORMATION_FORMAT = "dwarf-with-dsym";
				ENABLE_NS_ASSERTIONS = NO;
				ENABLE_STRICT_OBJC_MSGSEND = YES;
				GCC_C_LANGUAGE_STANDARD = gnu11;
				GCC_NO_COMMON_BLOCKS = YES;
				GCC_WARN_64_TO_32_BIT_CONVERSION = YES;
				GCC_WARN_ABOUT_RETURN_TYPE = YES_ERROR;
				GCC_WARN_UNDECLARED_SELECTOR = YES;
				GCC_WARN_UNINITIALIZED_AUTOS = YES_AGGRESSIVE;
				GCC_WARN_UNUSED_FUNCTION = YES;
				GCC_WARN_UNUSED_VARIABLE = YES;
				IPHONEOS_DEPLOYMENT_TARGET = 13.1;
				MTL_ENABLE_DEBUG_INFO = NO;
				MTL_FAST_MATH = YES;
				SDKROOT = iphoneos;
				VALIDATE_PRODUCT = YES;
			};
			name = Release;
		};
		7683176C23A31ED8002A000E /* Debug */ = {
			isa = XCBuildConfiguration;
			buildSettings = {
				ASSETCATALOG_COMPILER_APPICON_NAME = AppIcon;
				CODE_SIGN_STYLE = Automatic;
				DEVELOPMENT_TEAM = K6GE39JSUD;
				INFOPLIST_FILE = VDText/Info.plist;
				LD_RUNPATH_SEARCH_PATHS = (
					"$(inherited)",
					"@executable_path/Frameworks",
				);
				PRODUCT_BUNDLE_IDENTIFIER = xyz.nvar.VDText;
				PRODUCT_NAME = "$(TARGET_NAME)";
				TARGETED_DEVICE_FAMILY = "1,2";
			};
			name = Debug;
		};
		7683176D23A31ED8002A000E /* Release */ = {
			isa = XCBuildConfiguration;
			buildSettings = {
				ASSETCATALOG_COMPILER_APPICON_NAME = AppIcon;
				CODE_SIGN_STYLE = Automatic;
				DEVELOPMENT_TEAM = K6GE39JSUD;
				INFOPLIST_FILE = VDText/Info.plist;
				LD_RUNPATH_SEARCH_PATHS = (
					"$(inherited)",
					"@executable_path/Frameworks",
				);
				PRODUCT_BUNDLE_IDENTIFIER = xyz.nvar.VDText;
				PRODUCT_NAME = "$(TARGET_NAME)";
				TARGETED_DEVICE_FAMILY = "1,2";
			};
			name = Release;
		};
/* End XCBuildConfiguration section */

/* Begin XCConfigurationList section */
		7683174D23A31ED6002A000E /* Build configuration list for PBXProject "VDText" */ = {
			isa = XCConfigurationList;
			buildConfigurations = (
				7683176923A31ED8002A000E /* Debug */,
				7683176A23A31ED8002A000E /* Release */,
			);
			defaultConfigurationIsVisible = 0;
			defaultConfigurationName = Release;
		};
		7683176B23A31ED8002A000E /* Build configuration list for PBXNativeTarget "VDText" */ = {
			isa = XCConfigurationList;
			buildConfigurations = (
				7683176C23A31ED8002A000E /* Debug */,
				7683176D23A31ED8002A000E /* Release */,
			);
			defaultConfigurationIsVisible = 0;
			defaultConfigurationName = Release;
		};
/* End XCConfigurationList section */
	};
	rootObject = 7683174A23A31ED6002A000E /* Project object */;
}
